
Microsoft Visual Studio Solution File, Format Version 12.00
# Visual Studio Version 17
VisualStudioVersion = 17.5.33627.172
MinimumVisualStudioVersion = 10.0.40219.1
Project("{1AB69296-8E8C-45C9-8946-01FD49CDB97C}") = "sk_demo_Android", "Projects\Android\sk_demo_Android.csproj", "{D8761E01-2B32-4310-B1CA-6DBD1ED8A65F}"
EndProject
Project("{1AB69296-8E8C-45C9-8946-01FD49CDB97C}") = "sk_demo", "sk_demo.csproj", "{AEC07E30-9033-45C0-9E4A-BC899C7D501D}"
EndProject
Global
	GlobalSection(SolutionConfigurationPlatforms) = preSolution
		Debug|Any CPU = Debug|Any CPU
		Release|Any CPU = Release|Any CPU
	EndGlobalSection
	GlobalSection(ProjectConfigurationPlatforms) = postSolution
		{D8761E01-2B32-4310-B1CA-6DBD1ED8A65F}.Debug|Any CPU.ActiveCfg = Debug|Any CPU
		{D8761E01-2B32-4310-B1CA-6DBD1ED8A65F}.Debug|Any CPU.Build.0 = Debug|Any CPU
		{D8761E01-2B32-4310-B1CA-6DBD1ED8A65F}.Debug|Any CPU.Deploy.0 = Debug|Any CPU
		{D8761E01-2B32-4310-B1CA-6DBD1ED8A65F}.Release|Any CPU.ActiveCfg = Release|Any CPU
		{D8761E01-2B32-4310-B1CA-6DBD1ED8A65F}.Release|Any CPU.Build.0 = Release|Any CPU
		{D8761E01-2B32-4310-B1CA-6DBD1ED8A65F}.Release|Any CPU.Deploy.0 = Release|Any CPU
		{AEC07E30-9033-45C0-9E4A-BC899C7D501D}.Debug|Any CPU.ActiveCfg = Debug|Any CPU
		{AEC07E30-9033-45C0-9E4A-BC899C7D501D}.Debug|Any CPU.Build.0 = Debug|Any CPU
		{AEC07E30-9033-45C0-9E4A-BC899C7D501D}.Release|Any CPU.ActiveCfg = Release|Any CPU
		{AEC07E30-9033-45C0-9E4A-BC899C7D501D}.Release|Any CPU.Build.0 = Release|Any CPU
	EndGlobalSection
	GlobalSection(SolutionProperties) = preSolution
		HideSolutionNode = FALSE
	EndGlobalSection
	GlobalSection(ExtensibilityGlobals) = postSolution
		SolutionGuid = {4D4FBC8C-4C48-4C5D-9509-6456856028DA}
	EndGlobalSection
EndGlobal
